{
  "name": "npm-v5",
  "version": "1.0.0",
  "lockfileVersion": 1,
  "requires": true,
  "dependencies": {
    "base64-js": {
      "version": "1.3.1",
      "resolved": "https://registry.npmjs.org/base64-js/-/base64-js-1.3.1.tgz",
      "integrity": "sha512-mLQ4i2QO1ytvGWFWmcngKO//JXAQueZvwEKtjgQFM4jIK0kU+ytMfplL8j+n5mspOfjHwoAg+9yhb7BwAHm36g==",
      "dev": true
    },
    "fms-test-aaa": {
      "version": "1.0.2",
      "resolved": "https://registry.npmjs.org/fms-test-aaa/-/fms-test-aaa-1.0.2.tgz",
      "integrity": "sha512-zTTWExZuN/gfH1jwoYHLIzpz2q3riIZfoD4iTi/d89Wmx39UQbci1NZsboP34mhZ7B4JziGzn6kYnFujjc5vnQ==",
      "dev": true,
      "requires": {
        "base64-js": "1.3.1",
        "ieee754": "1.2.1"
      }
    },
    "fms-test-bbb": {
      "version": "1.0.0",
      "resolved": "https://registry.npmjs.org/fms-test-bbb/-/fms-test-bbb-1.0.0.tgz",
      "integrity": "sha512-W9l5VhJR5oMfZKWGCmTRr6xLdp1pGwL8+uoF/udp3m6DHpUFfk7axEckmEutKflZ1t/ZAg1+WXlpB+DY13EcFQ==",
      "dev": true,
      "requires": {
        "base64-js": "1.5.1",
        "ieee754": "1.2.1"
      },
      "dependencies": {
        "base64-js": {
          "version": "1.5.1",
          "resolved": "https://registry.npmjs.org/base64-js/-/base64-js-1.5.1.tgz",
          "integrity": "sha512-AKpaYlHn8t4SVbOHCy+b5+KKgvR4vrsD8vbvrbiQJps7fKDTkjkDry6ji0rUJjC0kzbNePLwzxq8iypo41qeWA==",
          "dev": true
        }
      }
    },
    "ieee754": {
      "version": "1.2.1",
      "resolved": "https://registry.npmjs.org/ieee754/-/ieee754-1.2.1.tgz",
      "integrity": "sha512-dcyqhDvX1C46lXZcVqCpK+FtMRQVdIMN6/Df5js2zouUsqG7I6sFxitIC+7KYK29KdXOLHdu9zL4sFnoVQnqaA==",
      "dev": true
    }
  }
}
